
Microsoft Visual Studio Solution File, Format Version 12.00
# Visual Studio Version 16
VisualStudioVersion = 16.0.29411.108
MinimumVisualStudioVersion = 10.0.40219.1
Project("{8BC9CEB8-8B4A-11D0-8D11-00A0C91BC942}") = "Internal Trainer", "Internal Trainer.vcxproj", "{4D214229-ED4C-4D05-AE39-6FE9FFC609CD}"
EndProject
Global
	GlobalSection(SolutionConfigurationPlatforms) = preSolution
		Debug|x64 = Debug|x64
		Debug|x86 = Debug|x86
		Release|x64 = Release|x64
		Release|x86 = Release|x86
	EndGlobalSection
	GlobalSection(ProjectConfigurationPlatforms) = postSolution
		{4D214229-ED4C-4D05-AE39-6FE9FFC609CD}.Debug|x64.ActiveCfg = Debug|x64
		{4D214229-ED4C-4D05-AE39-6FE9FFC609CD}.Debug|x64.Build.0 = Debug|x64
		{4D214229-ED4C-4D05-AE39-6FE9FFC609CD}.Debug|x86.ActiveCfg = Debug|Win32
		{4D214229-ED4C-4D05-AE39-6FE9FFC609CD}.Debug|x86.Build.0 = Debug|Win32
		{4D214229-ED4C-4D05-AE39-6FE9FFC609CD}.Release|x64.ActiveCfg = Release|x64
		{4D214229-ED4C-4D05-AE39-6FE9FFC609CD}.Release|x64.Build.0 = Release|x64
		{4D214229-ED4C-4D05-AE39-6FE9FFC609CD}.Release|x86.ActiveCfg = Release|Win32
		{4D214229-ED4C-4D05-AE39-6FE9FFC609CD}.Release|x86.Build.0 = Release|Win32
	EndGlobalSection
	GlobalSection(SolutionProperties) = preSolution
		HideSolutionNode = FALSE
	EndGlobalSection
	GlobalSection(ExtensibilityGlobals) = postSolution
		SolutionGuid = {02420A79-5BED-4D97-88AF-B468E319F400}
	EndGlobalSection
EndGlobal
